
Microsoft Visual Studio Solution File, Format Version 12.00
# Visual Studio Version 17
VisualStudioVersion = 17.7.34221.43
MinimumVisualStudioVersion = 10.0.40219.1
Project("{9A19103F-16F7-4668-BE54-9A1E7A4F7556}") = "TextDungeon", "TextDungeon\TextDungeon.csproj", "{BAD598A1-4B76-4338-9730-D75A7BC2318E}"
EndProject
Project("{2150E333-8FDC-42A3-9474-1A3956D46DE8}") = "솔루션 항목", "솔루션 항목", "{1BAE9EBF-35A1-4EAE-ADB9-E0D663B5AD3A}"
	ProjectSection(SolutionItems) = preProject
		SaveDate.json = SaveDate.json
	EndProjectSection
EndProject
Global
	GlobalSection(SolutionConfigurationPlatforms) = preSolution
		Debug|Any CPU = Debug|Any CPU
		Release|Any CPU = Release|Any CPU
	EndGlobalSection
	GlobalSection(ProjectConfigurationPlatforms) = postSolution
		{BAD598A1-4B76-4338-9730-D75A7BC2318E}.Debug|Any CPU.ActiveCfg = Debug|Any CPU
		{BAD598A1-4B76-4338-9730-D75A7BC2318E}.Debug|Any CPU.Build.0 = Debug|Any CPU
		{BAD598A1-4B76-4338-9730-D75A7BC2318E}.Release|Any CPU.ActiveCfg = Release|Any CPU
		{BAD598A1-4B76-4338-9730-D75A7BC2318E}.Release|Any CPU.Build.0 = Release|Any CPU
	EndGlobalSection
	GlobalSection(SolutionProperties) = preSolution
		HideSolutionNode = FALSE
	EndGlobalSection
	GlobalSection(ExtensibilityGlobals) = postSolution
		SolutionGuid = {19541C53-135D-411F-AB1A-9361E7B1C4D1}
	EndGlobalSection
EndGlobal
